// !$*UTF8*$!
{
	archiveVersion = 1;
	classes = {
	};
	objectVersion = 50;
	objects = {

/* Begin PBXBuildFile section */
		C7A69DF723F2D8A9008EBAE3 /* AppDelegate.swift in Sources */ = {isa = PBXBuildFile; fileRef = C7A69DF623F2D8A9008EBAE3 /* AppDelegate.swift */; };
		C7A69DF923F2D8A9008EBAE3 /* SceneDelegate.swift in Sources */ = {isa = PBXBuildFile; fileRef = C7A69DF823F2D8A9008EBAE3 /* SceneDelegate.swift */; };
		C7A69DFB23F2D8A9008EBAE3 /* ViewController.swift in Sources */ = {isa = PBXBuildFile; fileRef = C7A69DFA23F2D8A9008EBAE3 /* ViewController.swift */; };
		C7A69DFE23F2D8A9008EBAE3 /* Main.storyboard in Resources */ = {isa = PBXBuildFile; fileRef = C7A69DFC23F2D8A9008EBAE3 /* Main.storyboard */; };
		C7A69E0123F2D8A9008EBAE3 /* Calculator.xcdatamodeld in Sources */ = {isa = PBXBuildFile; fileRef = C7A69DFF23F2D8A9008EBAE3 /* Calculator.xcdatamodeld */; };
		C7A69E0323F2D8AB008EBAE3 /* Assets.xcassets in Resources */ = {isa = PBXBuildFile; fileRef = C7A69E0223F2D8AB008EBAE3 /* Assets.xcassets */; };
		C7A69E0623F2D8AB008EBAE3 /* LaunchScreen.storyboard in Resources */ = {isa = PBXBuildFile; fileRef = C7A69E0423F2D8AB008EBAE3 /* LaunchScreen.storyboard */; };
		C7A69E1123F2D8AB008EBAE3 /* CalculatorTests.swift in Sources */ = {isa = PBXBuildFile; fileRef = C7A69E1023F2D8AB008EBAE3 /* CalculatorTests.swift */; };
		C7A69E1C23F2D8AB008EBAE3 /* CalculatorUITests.swift in Sources */ = {isa = PBXBuildFile; fileRef = C7A69E1B23F2D8AB008EBAE3 /* CalculatorUITests.swift */; };
/* End PBXBuildFile section */

/* Begin PBXContainerItemProxy section */
		C7A69E0D23F2D8AB008EBAE3 /* PBXContainerItemProxy */ = {
			isa = PBXContainerItemProxy;
			containerPortal = C7A69DEB23F2D8A9008EBAE3 /* Project object */;
			proxyType = 1;
			remoteGlobalIDString = C7A69DF223F2D8A9008EBAE3;
			remoteInfo = Calculator;
		};
		C7A69E1823F2D8AB008EBAE3 /* PBXContainerItemProxy */ = {
			isa = PBXContainerItemProxy;
			containerPortal = C7A69DEB23F2D8A9008EBAE3 /* Project object */;
			proxyType = 1;
			remoteGlobalIDString = C7A69DF223F2D8A9008EBAE3;
			remoteInfo = Calculator;
		};
/* End PBXContainerItemProxy section */

/* Begin PBXFileReference section */
		C7A69DF323F2D8A9008EBAE3 /* iCalc.app */ = {isa = PBXFileReference; explicitFileType = wrapper.application; includeInIndex = 0; path = iCalc.app; sourceTree = BUILT_PRODUCTS_DIR; };
		C7A69DF623F2D8A9008EBAE3 /* AppDelegate.swift */ = {isa = PBXFileReference; lastKnownFileType = sourcecode.swift; path = AppDelegate.swift; sourceTree = "<group>"; };
		C7A69DF823F2D8A9008EBAE3 /* SceneDelegate.swift */ = {isa = PBXFileReference; lastKnownFileType = sourcecode.swift; path = SceneDelegate.swift; sourceTree = "<group>"; };
		C7A69DFA23F2D8A9008EBAE3 /* ViewController.swift */ = {isa = PBXFileReference; lastKnownFileType = sourcecode.swift; path = ViewController.swift; sourceTree = "<group>"; wrapsLines = 1; };
		C7A69DFD23F2D8A9008EBAE3 /* Base */ = {isa = PBXFileReference; lastKnownFileType = file.storyboard; name = Base; path = Base.lproj/Main.storyboard; sourceTree = "<group>"; };
		C7A69E0023F2D8A9008EBAE3 /* Calculator.xcdatamodel */ = {isa = PBXFileReference; lastKnownFileType = wrapper.xcdatamodel; path = Calculator.xcdatamodel; sourceTree = "<group>"; };
		C7A69E0223F2D8AB008EBAE3 /* Assets.xcassets */ = {isa = PBXFileReference; lastKnownFileType = folder.assetcatalog; path = Assets.xcassets; sourceTree = "<group>"; };
		C7A69E0523F2D8AB008EBAE3 /* Base */ = {isa = PBXFileReference; lastKnownFileType = file.storyboard; name = Base; path = Base.lproj/LaunchScreen.storyboard; sourceTree = "<group>"; };
		C7A69E0723F2D8AB008EBAE3 /* Info.plist */ = {isa = PBXFileReference; lastKnownFileType = text.plist.xml; path = Info.plist; sourceTree = "<group>"; };
		C7A69E0C23F2D8AB008EBAE3 /* CalculatorTests.xctest */ = {isa = PBXFileReference; explicitFileType = wrapper.cfbundle; includeInIndex = 0; path = CalculatorTests.xctest; sourceTree = BUILT_PRODUCTS_DIR; };
		C7A69E1023F2D8AB008EBAE3 /* CalculatorTests.swift */ = {isa = PBXFileReference; lastKnownFileType = sourcecode.swift; path = CalculatorTests.swift; sourceTree = "<group>"; };
		C7A69E1223F2D8AB008EBAE3 /* Info.plist */ = {isa = PBXFileReference; lastKnownFileType = text.plist.xml; path = Info.plist; sourceTree = "<group>"; };
		C7A69E1723F2D8AB008EBAE3 /* CalculatorUITests.xctest */ = {isa = PBXFileReference; explicitFileType = wrapper.cfbundle; includeInIndex = 0; path = CalculatorUITests.xctest; sourceTree = BUILT_PRODUCTS_DIR; };
		C7A69E1B23F2D8AB008EBAE3 /* CalculatorUITests.swift */ = {isa = PBXFileReference; lastKnownFileType = sourcecode.swift; path = CalculatorUITests.swift; sourceTree = "<group>"; };
		C7A69E1D23F2D8AB008EBAE3 /* Info.plist */ = {isa = PBXFileReference; lastKnownFileType = text.plist.xml; path = Info.plist; sourceTree = "<group>"; };
		C7A69E2923F2D8BD008EBAE3 /* Calculator.entitlements */ = {isa = PBXFileReference; lastKnownFileType = text.plist.entitlements; path = Calculator.entitlements; sourceTree = "<group>"; };
/* End PBXFileReference section */

/* Begin PBXFrameworksBuildPhase section */
		C7A69DF023F2D8A9008EBAE3 /* Frameworks */ = {
			isa = PBXFrameworksBuildPhase;
			buildActionMask = 2147483647;
			files = (
			);
			runOnlyForDeploymentPostprocessing = 0;
		};
		C7A69E0923F2D8AB008EBAE3 /* Frameworks */ = {
			isa = PBXFrameworksBuildPhase;
			buildActionMask = 2147483647;
			files = (
			);
			runOnlyForDeploymentPostprocessing = 0;
		};
		C7A69E1423F2D8AB008EBAE3 /* Frameworks */ = {
			isa = PBXFrameworksBuildPhase;
			buildActionMask = 2147483647;
			files = (
			);
			runOnlyForDeploymentPostprocessing = 0;
		};
/* End PBXFrameworksBuildPhase section */

/* Begin PBXGroup section */
		C7A69DEA23F2D8A9008EBAE3 = {
			isa = PBXGroup;
			children = (
				C7A69DF523F2D8A9008EBAE3 /* Calculator */,
				C7A69E0F23F2D8AB008EBAE3 /* CalculatorTests */,
				C7A69E1A23F2D8AB008EBAE3 /* CalculatorUITests */,
				C7A69DF423F2D8A9008EBAE3 /* Products */,
			);
			sourceTree = "<group>";
		};
		C7A69DF423F2D8A9008EBAE3 /* Products */ = {
			isa = PBXGroup;
			children = (
				C7A69DF323F2D8A9008EBAE3 /* iCalc.app */,
				C7A69E0C23F2D8AB008EBAE3 /* CalculatorTests.xctest */,
				C7A69E1723F2D8AB008EBAE3 /* CalculatorUITests.xctest */,
			);
			name = Products;
			sourceTree = "<group>";
		};
		C7A69DF523F2D8A9008EBAE3 /* Calculator */ = {
			isa = PBXGroup;
			children = (
				C7A69E2923F2D8BD008EBAE3 /* Calculator.entitlements */,
				C7A69DF623F2D8A9008EBAE3 /* AppDelegate.swift */,
				C7A69DF823F2D8A9008EBAE3 /* SceneDelegate.swift */,
				C7A69DFA23F2D8A9008EBAE3 /* ViewController.swift */,
				C7A69DFC23F2D8A9008EBAE3 /* Main.storyboard */,
				C7A69E0423F2D8AB008EBAE3 /* LaunchScreen.storyboard */,
				C7A69E0223F2D8AB008EBAE3 /* Assets.xcassets */,
				C7A69E0723F2D8AB008EBAE3 /* Info.plist */,
				C7A69DFF23F2D8A9008EBAE3 /* Calculator.xcdatamodeld */,
			);
			path = Calculator;
			sourceTree = "<group>";
		};
		C7A69E0F23F2D8AB008EBAE3 /* CalculatorTests */ = {
			isa = PBXGroup;
			children = (
				C7A69E1023F2D8AB008EBAE3 /* CalculatorTests.swift */,
				C7A69E1223F2D8AB008EBAE3 /* Info.plist */,
			);
			path = CalculatorTests;
			sourceTree = "<group>";
		};
		C7A69E1A23F2D8AB008EBAE3 /* CalculatorUITests */ = {
			isa = PBXGroup;
			children = (
				C7A69E1B23F2D8AB008EBAE3 /* CalculatorUITests.swift */,
				C7A69E1D23F2D8AB008EBAE3 /* Info.plist */,
			);
			path = CalculatorUITests;
			sourceTree = "<group>";
		};
/* End PBXGroup section */

/* Begin PBXNativeTarget section */
		C7A69DF223F2D8A9008EBAE3 /* iCalc */ = {
			isa = PBXNativeTarget;
			buildConfigurationList = C7A69E2023F2D8AB008EBAE3 /* Build configuration list for PBXNativeTarget "iCalc" */;
			buildPhases = (
				C7A69DEF23F2D8A9008EBAE3 /* Sources */,
				C7A69DF023F2D8A9008EBAE3 /* Frameworks */,
				C7A69DF123F2D8A9008EBAE3 /* Resources */,
			);
			buildRules = (
			);
			dependencies = (
			);
			name = iCalc;
			productName = Calculator;
			productReference = C7A69DF323F2D8A9008EBAE3 /* iCalc.app */;
			productType = "com.apple.product-type.application";
		};
		C7A69E0B23F2D8AB008EBAE3 /* CalculatorTests */ = {
			isa = PBXNativeTarget;
			buildConfigurationList = C7A69E2323F2D8AB008EBAE3 /* Build configuration list for PBXNativeTarget "CalculatorTests" */;
			buildPhases = (
				C7A69E0823F2D8AB008EBAE3 /* Sources */,
				C7A69E0923F2D8AB008EBAE3 /* Frameworks */,
				C7A69E0A23F2D8AB008EBAE3 /* Resources */,
			);
			buildRules = (
			);
			dependencies = (
				C7A69E0E23F2D8AB008EBAE3 /* PBXTargetDependency */,
			);
			name = CalculatorTests;
			productName = CalculatorTests;
			productReference = C7A69E0C23F2D8AB008EBAE3 /* CalculatorTests.xctest */;
			productType = "com.apple.product-type.bundle.unit-test";
		};
		C7A69E1623F2D8AB008EBAE3 /* CalculatorUITests */ = {
			isa = PBXNativeTarget;
			buildConfigurationList = C7A69E2623F2D8AB008EBAE3 /* Build configuration list for PBXNativeTarget "CalculatorUITests" */;
			buildPhases = (
				C7A69E1323F2D8AB008EBAE3 /* Sources */,
				C7A69E1423F2D8AB008EBAE3 /* Frameworks */,
				C7A69E1523F2D8AB008EBAE3 /* Resources */,
			);
			buildRules = (
			);
			dependencies = (
				C7A69E1923F2D8AB008EBAE3 /* PBXTargetDependency */,
			);
			name = CalculatorUITests;
			productName = CalculatorUITests;
			productReference = C7A69E1723F2D8AB008EBAE3 /* CalculatorUITests.xctest */;
			productType = "com.apple.product-type.bundle.ui-testing";
		};
/* End PBXNativeTarget section */

/* Begin PBXProject section */
		C7A69DEB23F2D8A9008EBAE3 /* Project object */ = {
			isa = PBXProject;
			attributes = {
				LastSwiftUpdateCheck = 1130;
				LastUpgradeCheck = 1130;
				ORGANIZATIONNAME = "Павло Тимощук";
				TargetAttributes = {
					C7A69DF223F2D8A9008EBAE3 = {
						CreatedOnToolsVersion = 11.3.1;
					};
					C7A69E0B23F2D8AB008EBAE3 = {
						CreatedOnToolsVersion = 11.3.1;
						TestTargetID = C7A69DF223F2D8A9008EBAE3;
					};
					C7A69E1623F2D8AB008EBAE3 = {
						CreatedOnToolsVersion = 11.3.1;
						TestTargetID = C7A69DF223F2D8A9008EBAE3;
					};
				};
			};
			buildConfigurationList = C7A69DEE23F2D8A9008EBAE3 /* Build configuration list for PBXProject "Calculator" */;
			compatibilityVersion = "Xcode 9.3";
			developmentRegion = en;
			hasScannedForEncodings = 0;
			knownRegions = (
				en,
				Base,
			);
			mainGroup = C7A69DEA23F2D8A9008EBAE3;
			productRefGroup = C7A69DF423F2D8A9008EBAE3 /* Products */;
			projectDirPath = "";
			projectRoot = "";
			targets = (
				C7A69DF223F2D8A9008EBAE3 /* iCalc */,
				C7A69E0B23F2D8AB008EBAE3 /* CalculatorTests */,
				C7A69E1623F2D8AB008EBAE3 /* CalculatorUITests */,
			);
		};
/* End PBXProject section */

/* Begin PBXResourcesBuildPhase section */
		C7A69DF123F2D8A9008EBAE3 /* Resources */ = {
			isa = PBXResourcesBuildPhase;
			buildActionMask = 2147483647;
			files = (
				C7A69E0623F2D8AB008EBAE3 /* LaunchScreen.storyboard in Resources */,
				C7A69E0323F2D8AB008EBAE3 /* Assets.xcassets in Resources */,
				C7A69DFE23F2D8A9008EBAE3 /* Main.storyboard in Resources */,
			);
			runOnlyForDeploymentPostprocessing = 0;
		};
		C7A69E0A23F2D8AB008EBAE3 /* Resources */ = {
			isa = PBXResourcesBuildPhase;
			buildActionMask = 2147483647;
			files = (
			);
			runOnlyForDeploymentPostprocessing = 0;
		};
		C7A69E1523F2D8AB008EBAE3 /* Resources */ = {
			isa = PBXResourcesBuildPhase;
			buildActionMask = 2147483647;
			files = (
			);
			runOnlyForDeploymentPostprocessing = 0;
		};
/* End PBXResourcesBuildPhase section */

/* Begin PBXSourcesBuildPhase section */
		C7A69DEF23F2D8A9008EBAE3 /* Sources */ = {
			isa = PBXSourcesBuildPhase;
			buildActionMask = 2147483647;
			files = (
				C7A69DFB23F2D8A9008EBAE3 /* ViewController.swift in Sources */,
				C7A69E0123F2D8A9008EBAE3 /* Calculator.xcdatamodeld in Sources */,
				C7A69DF723F2D8A9008EBAE3 /* AppDelegate.swift in Sources */,
				C7A69DF923F2D8A9008EBAE3 /* SceneDelegate.swift in Sources */,
			);
			runOnlyForDeploymentPostprocessing = 0;
		};
		C7A69E0823F2D8AB008EBAE3 /* Sources */ = {
			isa = PBXSourcesBuildPhase;
			buildActionMask = 2147483647;
			files = (
				C7A69E1123F2D8AB008EBAE3 /* CalculatorTests.swift in Sources */,
			);
			runOnlyForDeploymentPostprocessing = 0;
		};
		C7A69E1323F2D8AB008EBAE3 /* Sources */ = {
			isa = PBXSourcesBuildPhase;
			buildActionMask = 2147483647;
			files = (
				C7A69E1C23F2D8AB008EBAE3 /* CalculatorUITests.swift in Sources */,
			);
			runOnlyForDeploymentPostprocessing = 0;
		};
/* End PBXSourcesBuildPhase section */

/* Begin PBXTargetDependency section */
		C7A69E0E23F2D8AB008EBAE3 /* PBXTargetDependency */ = {
			isa = PBXTargetDependency;
			target = C7A69DF223F2D8A9008EBAE3 /* iCalc */;
			targetProxy = C7A69E0D23F2D8AB008EBAE3 /* PBXContainerItemProxy */;
		};
		C7A69E1923F2D8AB008EBAE3 /* PBXTargetDependency */ = {
			isa = PBXTargetDependency;
			target = C7A69DF223F2D8A9008EBAE3 /* iCalc */;
			targetProxy = C7A69E1823F2D8AB008EBAE3 /* PBXContainerItemProxy */;
		};
/* End PBXTargetDependency section */

/* Begin PBXVariantGroup section */
		C7A69DFC23F2D8A9008EBAE3 /* Main.storyboard */ = {
			isa = PBXVariantGroup;
			children = (
				C7A69DFD23F2D8A9008EBAE3 /* Base */,
			);
			name = Main.storyboard;
			sourceTree = "<group>";
		};
		C7A69E0423F2D8AB008EBAE3 /* LaunchScreen.storyboard */ = {
			isa = PBXVariantGroup;
			children = (
				C7A69E0523F2D8AB008EBAE3 /* Base */,
			);
			name = LaunchScreen.storyboard;
			sourceTree = "<group>";
		};
/* End PBXVariantGroup section */

/* Begin XCBuildConfiguration section */
		C7A69E1E23F2D8AB008EBAE3 /* Debug */ = {
			isa = XCBuildConfiguration;
			buildSettings = {
				ALWAYS_SEARCH_USER_PATHS = NO;
				CLANG_ANALYZER_NONNULL = YES;
				CLANG_ANALYZER_NUMBER_OBJECT_CONVERSION = YES_AGGRESSIVE;
				CLANG_CXX_LANGUAGE_STANDARD = "gnu++14";
				CLANG_CXX_LIBRARY = "libc++";
				CLANG_ENABLE_MODULES = YES;
				CLANG_ENABLE_OBJC_ARC = YES;
				CLANG_ENABLE_OBJC_WEAK = YES;
				CLANG_WARN_BLOCK_CAPTURE_AUTORELEASING = YES;
				CLANG_WARN_BOOL_CONVERSION = YES;
				CLANG_WARN_COMMA = YES;
				CLANG_WARN_CONSTANT_CONVERSION = YES;
				CLANG_WARN_DEPRECATED_OBJC_IMPLEMENTATIONS = YES;
				CLANG_WARN_DIRECT_OBJC_ISA_USAGE = YES_ERROR;
				CLANG_WARN_DOCUMENTATION_COMMENTS = YES;
				CLANG_WARN_EMPTY_BODY = YES;
				CLANG_WARN_ENUM_CONVERSION = YES;
				CLANG_WARN_INFINITE_RECURSION = YES;
				CLANG_WARN_INT_CONVERSION = YES;
				CLANG_WARN_NON_LITERAL_NULL_CONVERSION = YES;
				CLANG_WARN_OBJC_IMPLICIT_RETAIN_SELF = YES;
				CLANG_WARN_OBJC_LITERAL_CONVERSION = YES;
				CLANG_WARN_OBJC_ROOT_CLASS = YES_ERROR;
				CLANG_WARN_RANGE_LOOP_ANALYSIS = YES;
				CLANG_WARN_STRICT_PROTOTYPES = YES;
				CLANG_WARN_SUSPICIOUS_MOVE = YES;
				CLANG_WARN_UNGUARDED_AVAILABILITY = YES_AGGRESSIVE;
				CLANG_WARN_UNREACHABLE_CODE = YES;
				CLANG_WARN__DUPLICATE_METHOD_MATCH = YES;
				COPY_PHASE_STRIP = NO;
				DEBUG_INFORMATION_FORMAT = dwarf;
				ENABLE_STRICT_OBJC_MSGSEND = YES;
				ENABLE_TESTABILITY = YES;
				GCC_C_LANGUAGE_STANDARD = gnu11;
				GCC_DYNAMIC_NO_PIC = NO;
				GCC_NO_COMMON_BLOCKS = YES;
				GCC_OPTIMIZATION_LEVEL = 0;
				GCC_PREPROCESSOR_DEFINITIONS = (
					"DEBUG=1",
					"$(inherited)",
				);
				GCC_WARN_64_TO_32_BIT_CONVERSION = YES;
				GCC_WARN_ABOUT_RETURN_TYPE = YES_ERROR;
				GCC_WARN_UNDECLARED_SELECTOR = YES;
				GCC_WARN_UNINITIALIZED_AUTOS = YES_AGGRESSIVE;
				GCC_WARN_UNUSED_FUNCTION = YES;
				GCC_WARN_UNUSED_VARIABLE = YES;
				IPHONEOS_DEPLOYMENT_TARGET = 13.2;
				MTL_ENABLE_DEBUG_INFO = INCLUDE_SOURCE;
				MTL_FAST_MATH = YES;
				ONLY_ACTIVE_ARCH = YES;
				SDKROOT = iphoneos;
				SWIFT_ACTIVE_COMPILATION_CONDITIONS = DEBUG;
				SWIFT_OPTIMIZATION_LEVEL = "-Onone";
			};
			name = Debug;
		};
		C7A69E1F23F2D8AB008EBAE3 /* Release */ = {
			isa = XCBuildConfiguration;
			buildSettings = {
				ALWAYS_SEARCH_USER_PATHS = NO;
				CLANG_ANALYZER_NONNULL = YES;
				CLANG_ANALYZER_NUMBER_OBJECT_CONVERSION = YES_AGGRESSIVE;
				CLANG_CXX_LANGUAGE_STANDARD = "gnu++14";
				CLANG_CXX_LIBRARY = "libc++";
				CLANG_ENABLE_MODULES = YES;
				CLANG_ENABLE_OBJC_ARC = YES;
				CLANG_ENABLE_OBJC_WEAK = YES;
				CLANG_WARN_BLOCK_CAPTURE_AUTORELEASING = YES;
				CLANG_WARN_BOOL_CONVERSION = YES;
				CLANG_WARN_COMMA = YES;
				CLANG_WARN_CONSTANT_CONVERSION = YES;
				CLANG_WARN_DEPRECATED_OBJC_IMPLEMENTATIONS = YES;
				CLANG_WARN_DIRECT_OBJC_ISA_USAGE = YES_ERROR;
				CLANG_WARN_DOCUMENTATION_COMMENTS = YES;
				CLANG_WARN_EMPTY_BODY = YES;
				CLANG_WARN_ENUM_CONVERSION = YES;
				CLANG_WARN_INFINITE_RECURSION = YES;
				CLANG_WARN_INT_CONVERSION = YES;
				CLANG_WARN_NON_LITERAL_NULL_CONVERSION = YES;
				CLANG_WARN_OBJC_IMPLICIT_RETAIN_SELF = YES;
				CLANG_WARN_OBJC_LITERAL_CONVERSION = YES;
				CLANG_WARN_OBJC_ROOT_CLASS = YES_ERROR;
				CLANG_WARN_RANGE_LOOP_ANALYSIS = YES;
				CLANG_WARN_STRICT_PROTOTYPES = YES;
				CLANG_WARN_SUSPICIOUS_MOVE = YES;
				CLANG_WARN_UNGUARDED_AVAILABILITY = YES_AGGRESSIVE;
				CLANG_WARN_UNREACHABLE_CODE = YES;
				CLANG_WARN__DUPLICATE_METHOD_MATCH = YES;
				COPY_PHASE_STRIP = NO;
				DEBUG_INFORMATION_FORMAT = "dwarf-with-dsym";
				ENABLE_NS_ASSERTIONS = NO;
				ENABLE_STRICT_OBJC_MSGSEND = YES;
				GCC_C_LANGUAGE_STANDARD = gnu11;
				GCC_NO_COMMON_BLOCKS = YES;
				GCC_WARN_64_TO_32_BIT_CONVERSION = YES;
				GCC_WARN_ABOUT_RETURN_TYPE = YES_ERROR;
				GCC_WARN_UNDECLARED_SELECTOR = YES;
				GCC_WARN_UNINITIALIZED_AUTOS = YES_AGGRESSIVE;
				GCC_WARN_UNUSED_FUNCTION = YES;
				GCC_WARN_UNUSED_VARIABLE = YES;
				IPHONEOS_DEPLOYMENT_TARGET = 13.2;
				MTL_ENABLE_DEBUG_INFO = NO;
				MTL_FAST_MATH = YES;
				SDKROOT = iphoneos;
				SWIFT_COMPILATION_MODE = wholemodule;
				SWIFT_OPTIMIZATION_LEVEL = "-O";
				VALIDATE_PRODUCT = YES;
			};
			name = Release;
		};
		C7A69E2123F2D8AB008EBAE3 /* Debug */ = {
			isa = XCBuildConfiguration;
			buildSettings = {
				ASSETCATALOG_COMPILER_APPICON_NAME = AppIcon;
				CODE_SIGN_ENTITLEMENTS = Calculator/Calculator.entitlements;
				CODE_SIGN_STYLE = Automatic;
				DERIVE_MACCATALYST_PRODUCT_BUNDLE_IDENTIFIER = YES;
				DEVELOPMENT_TEAM = TKCHBW3N32;
				INFOPLIST_FILE = Calculator/Info.plist;
				IPHONEOS_DEPLOYMENT_TARGET = 13.0;
				LD_RUNPATH_SEARCH_PATHS = (
					"$(inherited)",
					"@executable_path/Frameworks",
				);
				PRODUCT_BUNDLE_IDENTIFIER = "tymoshchuk-Inc.Calculator";
				PRODUCT_NAME = "$(TARGET_NAME)";
				SUPPORTS_MACCATALYST = YES;
				SWIFT_VERSION = 5.0;
				TARGETED_DEVICE_FAMILY = "1,2";
			};
			name = Debug;
		};
		C7A69E2223F2D8AB008EBAE3 /* Release */ = {
			isa = XCBuildConfiguration;
			buildSettings = {
				ASSETCATALOG_COMPILER_APPICON_NAME = AppIcon;
				CODE_SIGN_ENTITLEMENTS = Calculator/Calculator.entitlements;
				CODE_SIGN_STYLE = Automatic;
				DERIVE_MACCATALYST_PRODUCT_BUNDLE_IDENTIFIER = YES;
				DEVELOPMENT_TEAM = TKCHBW3N32;
				INFOPLIST_FILE = Calculator/Info.plist;
				IPHONEOS_DEPLOYMENT_TARGET = 13.0;
				LD_RUNPATH_SEARCH_PATHS = (
					"$(inherited)",
					"@executable_path/Frameworks",
				);
				PRODUCT_BUNDLE_IDENTIFIER = "tymoshchuk-Inc.Calculator";
				PRODUCT_NAME = "$(TARGET_NAME)";
				SUPPORTS_MACCATALYST = YES;
				SWIFT_VERSION = 5.0;
				TARGETED_DEVICE_FAMILY = "1,2";
			};
			name = Release;
		};
		C7A69E2423F2D8AB008EBAE3 /* Debug */ = {
			isa = XCBuildConfiguration;
			buildSettings = {
				ALWAYS_EMBED_SWIFT_STANDARD_LIBRARIES = YES;
				BUNDLE_LOADER = "$(TEST_HOST)";
				CODE_SIGN_STYLE = Automatic;
				DEVELOPMENT_TEAM = TKCHBW3N32;
				INFOPLIST_FILE = CalculatorTests/Info.plist;
				IPHONEOS_DEPLOYMENT_TARGET = 13.2;
				LD_RUNPATH_SEARCH_PATHS = (
					"$(inherited)",
					"@executable_path/Frameworks",
					"@loader_path/Frameworks",
				);
				PRODUCT_BUNDLE_IDENTIFIER = "tymoshchuk-Inc.CalculatorTests";
				PRODUCT_NAME = "$(TARGET_NAME)";
				SWIFT_VERSION = 5.0;
				TARGETED_DEVICE_FAMILY = "1,2";
				TEST_HOST = "$(BUILT_PRODUCTS_DIR)/Calculator.app/Calculator";
			};
			name = Debug;
		};
		C7A69E2523F2D8AB008EBAE3 /* Release */ = {
			isa = XCBuildConfiguration;
			buildSettings = {
				ALWAYS_EMBED_SWIFT_STANDARD_LIBRARIES = YES;
				BUNDLE_LOADER = "$(TEST_HOST)";
				CODE_SIGN_STYLE = Automatic;
				DEVELOPMENT_TEAM = TKCHBW3N32;
				INFOPLIST_FILE = CalculatorTests/Info.plist;
				IPHONEOS_DEPLOYMENT_TARGET = 13.2;
				LD_RUNPATH_SEARCH_PATHS = (
					"$(inherited)",
					"@executable_path/Frameworks",
					"@loader_path/Frameworks",
				);
				PRODUCT_BUNDLE_IDENTIFIER = "tymoshchuk-Inc.CalculatorTests";
				PRODUCT_NAME = "$(TARGET_NAME)";
				SWIFT_VERSION = 5.0;
				TARGETED_DEVICE_FAMILY = "1,2";
				TEST_HOST = "$(BUILT_PRODUCTS_DIR)/Calculator.app/Calculator";
			};
			name = Release;
		};
		C7A69E2723F2D8AB008EBAE3 /* Debug */ = {
			isa = XCBuildConfiguration;
			buildSettings = {
				ALWAYS_EMBED_SWIFT_STANDARD_LIBRARIES = YES;
				CODE_SIGN_STYLE = Automatic;
				DEVELOPMENT_TEAM = TKCHBW3N32;
				INFOPLIST_FILE = CalculatorUITests/Info.plist;
				LD_RUNPATH_SEARCH_PATHS = (
					"$(inherited)",
					"@executable_path/Frameworks",
					"@loader_path/Frameworks",
				);
				PRODUCT_BUNDLE_IDENTIFIER = "tymoshchuk-Inc.CalculatorUITests";
				PRODUCT_NAME = "$(TARGET_NAME)";
				SWIFT_VERSION = 5.0;
				TARGETED_DEVICE_FAMILY = "1,2";
				TEST_TARGET_NAME = Calculator;
			};
			name = Debug;
		};
		C7A69E2823F2D8AB008EBAE3 /* Release */ = {
			isa = XCBuildConfiguration;
			buildSettings = {
				ALWAYS_EMBED_SWIFT_STANDARD_LIBRARIES = YES;
				CODE_SIGN_STYLE = Automatic;
				DEVELOPMENT_TEAM = TKCHBW3N32;
				INFOPLIST_FILE = CalculatorUITests/Info.plist;
				LD_RUNPATH_SEARCH_PATHS = (
					"$(inherited)",
					"@executable_path/Frameworks",
					"@loader_path/Frameworks",
				);
				PRODUCT_BUNDLE_IDENTIFIER = "tymoshchuk-Inc.CalculatorUITests";
				PRODUCT_NAME = "$(TARGET_NAME)";
				SWIFT_VERSION = 5.0;
				TARGETED_DEVICE_FAMILY = "1,2";
				TEST_TARGET_NAME = Calculator;
			};
			name = Release;
		};
/* End XCBuildConfiguration section */

/* Begin XCConfigurationList section */
		C7A69DEE23F2D8A9008EBAE3 /* Build configuration list for PBXProject "Calculator" */ = {
			isa = XCConfigurationList;
			buildConfigurations = (
				C7A69E1E23F2D8AB008EBAE3 /* Debug */,
				C7A69E1F23F2D8AB008EBAE3 /* Release */,
			);
			defaultConfigurationIsVisible = 0;
			defaultConfigurationName = Release;
		};
		C7A69E2023F2D8AB008EBAE3 /* Build configuration list for PBXNativeTarget "iCalc" */ = {
			isa = XCConfigurationList;
			buildConfigurations = (
				C7A69E2123F2D8AB008EBAE3 /* Debug */,
				C7A69E2223F2D8AB008EBAE3 /* Release */,
			);
			defaultConfigurationIsVisible = 0;
			defaultConfigurationName = Release;
		};
		C7A69E2323F2D8AB008EBAE3 /* Build configuration list for PBXNativeTarget "CalculatorTests" */ = {
			isa = XCConfigurationList;
			buildConfigurations = (
				C7A69E2423F2D8AB008EBAE3 /* Debug */,
				C7A69E2523F2D8AB008EBAE3 /* Release */,
			);
			defaultConfigurationIsVisible = 0;
			defaultConfigurationName = Release;
		};
		C7A69E2623F2D8AB008EBAE3 /* Build configuration list for PBXNativeTarget "CalculatorUITests" */ = {
			isa = XCConfigurationList;
			buildConfigurations = (
				C7A69E2723F2D8AB008EBAE3 /* Debug */,
				C7A69E2823F2D8AB008EBAE3 /* Release */,
			);
			defaultConfigurationIsVisible = 0;
			defaultConfigurationName = Release;
		};
/* End XCConfigurationList section */

/* Begin XCVersionGroup section */
		C7A69DFF23F2D8A9008EBAE3 /* Calculator.xcdatamodeld */ = {
			isa = XCVersionGroup;
			children = (
				C7A69E0023F2D8A9008EBAE3 /* Calculator.xcdatamodel */,
			);
			currentVersion = C7A69E0023F2D8A9008EBAE3 /* Calculator.xcdatamodel */;
			path = Calculator.xcdatamodeld;
			sourceTree = "<group>";
			versionGroupType = wrapper.xcdatamodel;
		};
/* End XCVersionGroup section */
	};
	rootObject = C7A69DEB23F2D8A9008EBAE3 /* Project object */;
}
